
Microsoft Visual Studio Solution File, Format Version 12.00
# Visual Studio 15
VisualStudioVersion = 15.0.28307.1231
MinimumVisualStudioVersion = 10.0.40219.1
Project("{9A19103F-16F7-4668-BE54-9A1E7A4F7556}") = "restful-booker-herokuapp-com", "src\restful-booker-herokuapp-com.csproj", "{BF43ACA0-CD3F-4634-BCD8-956C8F85A2F8}"
EndProject
Global
	GlobalSection(SolutionConfigurationPlatforms) = preSolution
		Debug|Any CPU = Debug|Any CPU
		Release|Any CPU = Release|Any CPU
	EndGlobalSection
	GlobalSection(ProjectConfigurationPlatforms) = postSolution
		{BF43ACA0-CD3F-4634-BCD8-956C8F85A2F8}.Debug|Any CPU.ActiveCfg = Debug|Any CPU
		{BF43ACA0-CD3F-4634-BCD8-956C8F85A2F8}.Debug|Any CPU.Build.0 = Debug|Any CPU
		{BF43ACA0-CD3F-4634-BCD8-956C8F85A2F8}.Release|Any CPU.ActiveCfg = Release|Any CPU
		{BF43ACA0-CD3F-4634-BCD8-956C8F85A2F8}.Release|Any CPU.Build.0 = Release|Any CPU
	EndGlobalSection
	GlobalSection(SolutionProperties) = preSolution
		HideSolutionNode = FALSE
	EndGlobalSection
	GlobalSection(ExtensibilityGlobals) = postSolution
		SolutionGuid = {469E3879-AEE7-4961-8067-E1A6C70ECA05}
	EndGlobalSection
EndGlobal
